
Microsoft Visual Studio Solution File, Format Version 12.00
# Visual Studio 14
VisualStudioVersion = 14.0.25420.1
MinimumVisualStudioVersion = 10.0.40219.1
Project("{FAE04EC0-301F-11D3-BF4B-00C04F79EFBC}") = "SkillsTrackerAPI", "SkillsTrackerAPI\SkillsTrackerAPI.csproj", "{1573BCDA-0580-41DD-9A85-296696EB1CDC}"
EndProject
Project("{FAE04EC0-301F-11D3-BF4B-00C04F79EFBC}") = "SkillsTrackerAPI.Tests", "SkillsTrackerAPI.Tests\SkillsTrackerAPI.Tests.csproj", "{5CDAC031-897E-4F2D-9572-A4938B47B389}"
EndProject
Project("{FAE04EC0-301F-11D3-BF4B-00C04F79EFBC}") = "SkillTrackerEntityLayer", "SkillTrackerEntityLayer\SkillTrackerEntityLayer.csproj", "{26679449-F755-4E6E-8F85-C8736BCD8C72}"
EndProject
Project("{FAE04EC0-301F-11D3-BF4B-00C04F79EFBC}") = "SkillTrackerDataLayer", "SkillTrackerDataLayer\SkillTrackerDataLayer.csproj", "{A0B96A67-404E-4120-A43F-C9E304B9CC07}"
EndProject
Project("{FAE04EC0-301F-11D3-BF4B-00C04F79EFBC}") = "SkillTrackerBusinessLayer", "SkillTrackerBusinessLayer\SkillTrackerBusinessLayer.csproj", "{A419DDC0-6F8E-406D-BC6E-2DCCFAFDD1C9}"
EndProject
Global
	GlobalSection(SolutionConfigurationPlatforms) = preSolution
		Debug|Any CPU = Debug|Any CPU
		Release|Any CPU = Release|Any CPU
	EndGlobalSection
	GlobalSection(ProjectConfigurationPlatforms) = postSolution
		{1573BCDA-0580-41DD-9A85-296696EB1CDC}.Debug|Any CPU.ActiveCfg = Debug|Any CPU
		{1573BCDA-0580-41DD-9A85-296696EB1CDC}.Debug|Any CPU.Build.0 = Debug|Any CPU
		{1573BCDA-0580-41DD-9A85-296696EB1CDC}.Release|Any CPU.ActiveCfg = Release|Any CPU
		{1573BCDA-0580-41DD-9A85-296696EB1CDC}.Release|Any CPU.Build.0 = Release|Any CPU
		{5CDAC031-897E-4F2D-9572-A4938B47B389}.Debug|Any CPU.ActiveCfg = Debug|Any CPU
		{5CDAC031-897E-4F2D-9572-A4938B47B389}.Debug|Any CPU.Build.0 = Debug|Any CPU
		{5CDAC031-897E-4F2D-9572-A4938B47B389}.Release|Any CPU.ActiveCfg = Release|Any CPU
		{5CDAC031-897E-4F2D-9572-A4938B47B389}.Release|Any CPU.Build.0 = Release|Any CPU
		{26679449-F755-4E6E-8F85-C8736BCD8C72}.Debug|Any CPU.ActiveCfg = Debug|Any CPU
		{26679449-F755-4E6E-8F85-C8736BCD8C72}.Debug|Any CPU.Build.0 = Debug|Any CPU
		{26679449-F755-4E6E-8F85-C8736BCD8C72}.Release|Any CPU.ActiveCfg = Release|Any CPU
		{26679449-F755-4E6E-8F85-C8736BCD8C72}.Release|Any CPU.Build.0 = Release|Any CPU
		{A0B96A67-404E-4120-A43F-C9E304B9CC07}.Debug|Any CPU.ActiveCfg = Debug|Any CPU
		{A0B96A67-404E-4120-A43F-C9E304B9CC07}.Debug|Any CPU.Build.0 = Debug|Any CPU
		{A0B96A67-404E-4120-A43F-C9E304B9CC07}.Release|Any CPU.ActiveCfg = Release|Any CPU
		{A0B96A67-404E-4120-A43F-C9E304B9CC07}.Release|Any CPU.Build.0 = Release|Any CPU
		{A419DDC0-6F8E-406D-BC6E-2DCCFAFDD1C9}.Debug|Any CPU.ActiveCfg = Debug|Any CPU
		{A419DDC0-6F8E-406D-BC6E-2DCCFAFDD1C9}.Debug|Any CPU.Build.0 = Debug|Any CPU
		{A419DDC0-6F8E-406D-BC6E-2DCCFAFDD1C9}.Release|Any CPU.ActiveCfg = Release|Any CPU
		{A419DDC0-6F8E-406D-BC6E-2DCCFAFDD1C9}.Release|Any CPU.Build.0 = Release|Any CPU
	EndGlobalSection
	GlobalSection(SolutionProperties) = preSolution
		HideSolutionNode = FALSE
	EndGlobalSection
EndGlobal
